
Microsoft Visual Studio Solution File, Format Version 12.00
# Visual Studio Version 16
VisualStudioVersion = 16.0.30011.22
MinimumVisualStudioVersion = 10.0.40219.1
Project("{FAE04EC0-301F-11D3-BF4B-00C04F79EFBC}") = "DIEngine", "DIEngine\DIEngine.csproj", "{4807C1AB-DB0C-43B3-AC36-1D69C5AFA3DE}"
EndProject
Project("{FAE04EC0-301F-11D3-BF4B-00C04F79EFBC}") = "Tests", "Tests\Tests.csproj", "{368E8452-4A2E-48CC-9A9A-B55383F8C4CC}"
EndProject
Global
	GlobalSection(SolutionConfigurationPlatforms) = preSolution
		Debug|Any CPU = Debug|Any CPU
		Release|Any CPU = Release|Any CPU
	EndGlobalSection
	GlobalSection(ProjectConfigurationPlatforms) = postSolution
		{4807C1AB-DB0C-43B3-AC36-1D69C5AFA3DE}.Debug|Any CPU.ActiveCfg = Debug|Any CPU
		{4807C1AB-DB0C-43B3-AC36-1D69C5AFA3DE}.Debug|Any CPU.Build.0 = Debug|Any CPU
		{4807C1AB-DB0C-43B3-AC36-1D69C5AFA3DE}.Release|Any CPU.ActiveCfg = Release|Any CPU
		{4807C1AB-DB0C-43B3-AC36-1D69C5AFA3DE}.Release|Any CPU.Build.0 = Release|Any CPU
		{368E8452-4A2E-48CC-9A9A-B55383F8C4CC}.Debug|Any CPU.ActiveCfg = Debug|Any CPU
		{368E8452-4A2E-48CC-9A9A-B55383F8C4CC}.Debug|Any CPU.Build.0 = Debug|Any CPU
		{368E8452-4A2E-48CC-9A9A-B55383F8C4CC}.Release|Any CPU.ActiveCfg = Release|Any CPU
		{368E8452-4A2E-48CC-9A9A-B55383F8C4CC}.Release|Any CPU.Build.0 = Release|Any CPU
	EndGlobalSection
	GlobalSection(SolutionProperties) = preSolution
		HideSolutionNode = FALSE
	EndGlobalSection
	GlobalSection(ExtensibilityGlobals) = postSolution
		SolutionGuid = {C18E178D-EEC1-485A-83CD-56713C5CF95D}
	EndGlobalSection
EndGlobal
